
Microsoft Visual Studio Solution File, Format Version 12.00
# Visual Studio Version 16
VisualStudioVersion = 16.0.31727.386
MinimumVisualStudioVersion = 10.0.40219.1
Project("{F184B08F-C81C-45F6-A57F-5ABD9991F28F}") = "LuckySeven", "LuckySeven.vbproj", "{B8F416B5-44B0-4BB2-A7BA-9EC120A0BB3A}"
EndProject
Global
	GlobalSection(SolutionConfigurationPlatforms) = preSolution
		Debug|Any CPU = Debug|Any CPU
		Release|Any CPU = Release|Any CPU
	EndGlobalSection
	GlobalSection(ProjectConfigurationPlatforms) = postSolution
		{B8F416B5-44B0-4BB2-A7BA-9EC120A0BB3A}.Debug|Any CPU.ActiveCfg = Debug|Any CPU
		{B8F416B5-44B0-4BB2-A7BA-9EC120A0BB3A}.Debug|Any CPU.Build.0 = Debug|Any CPU
		{B8F416B5-44B0-4BB2-A7BA-9EC120A0BB3A}.Release|Any CPU.ActiveCfg = Release|Any CPU
		{B8F416B5-44B0-4BB2-A7BA-9EC120A0BB3A}.Release|Any CPU.Build.0 = Release|Any CPU
	EndGlobalSection
	GlobalSection(SolutionProperties) = preSolution
		HideSolutionNode = FALSE
	EndGlobalSection
	GlobalSection(ExtensibilityGlobals) = postSolution
		SolutionGuid = {B2C1E594-0E4B-4277-B0D6-8F393C56B283}
	EndGlobalSection
EndGlobal
