
Microsoft Visual Studio Solution File, Format Version 12.00
# Visual Studio Version 16
VisualStudioVersion = 16.0.31727.386
MinimumVisualStudioVersion = 10.0.40219.1
Project("{F184B08F-C81C-45F6-A57F-5ABD9991F28F}") = "BinaryManagerCLI", "BinaryManagerCLI.vbproj", "{C2A41019-C504-4D5B-AE05-816E44D451D6}"
EndProject
Global
	GlobalSection(SolutionConfigurationPlatforms) = preSolution
		Debug|Any CPU = Debug|Any CPU
		Release|Any CPU = Release|Any CPU
	EndGlobalSection
	GlobalSection(ProjectConfigurationPlatforms) = postSolution
		{C2A41019-C504-4D5B-AE05-816E44D451D6}.Debug|Any CPU.ActiveCfg = Debug|Any CPU
		{C2A41019-C504-4D5B-AE05-816E44D451D6}.Debug|Any CPU.Build.0 = Debug|Any CPU
		{C2A41019-C504-4D5B-AE05-816E44D451D6}.Release|Any CPU.ActiveCfg = Release|Any CPU
		{C2A41019-C504-4D5B-AE05-816E44D451D6}.Release|Any CPU.Build.0 = Release|Any CPU
	EndGlobalSection
	GlobalSection(SolutionProperties) = preSolution
		HideSolutionNode = FALSE
	EndGlobalSection
	GlobalSection(ExtensibilityGlobals) = postSolution
		SolutionGuid = {B814AAFD-E74D-483C-B6A3-ED10EDB15D72}
	EndGlobalSection
EndGlobal
