
Microsoft Visual Studio Solution File, Format Version 12.00
# Visual Studio Version 16
VisualStudioVersion = 16.0.31727.386
MinimumVisualStudioVersion = 10.0.40219.1
Project("{F184B08F-C81C-45F6-A57F-5ABD9991F28F}") = "Guess The Number", "Guess The Number.vbproj", "{FA491730-769E-4E3F-AA5D-E81C37B526DA}"
EndProject
Global
	GlobalSection(SolutionConfigurationPlatforms) = preSolution
		Debug|Any CPU = Debug|Any CPU
		Release|Any CPU = Release|Any CPU
	EndGlobalSection
	GlobalSection(ProjectConfigurationPlatforms) = postSolution
		{FA491730-769E-4E3F-AA5D-E81C37B526DA}.Debug|Any CPU.ActiveCfg = Debug|Any CPU
		{FA491730-769E-4E3F-AA5D-E81C37B526DA}.Debug|Any CPU.Build.0 = Debug|Any CPU
		{FA491730-769E-4E3F-AA5D-E81C37B526DA}.Release|Any CPU.ActiveCfg = Release|Any CPU
		{FA491730-769E-4E3F-AA5D-E81C37B526DA}.Release|Any CPU.Build.0 = Release|Any CPU
	EndGlobalSection
	GlobalSection(SolutionProperties) = preSolution
		HideSolutionNode = FALSE
	EndGlobalSection
	GlobalSection(ExtensibilityGlobals) = postSolution
		SolutionGuid = {13492DB8-901B-4DD2-A3EC-77536BD0CFDD}
	EndGlobalSection
EndGlobal
